<?xml version="1.0" encoding="utf-8"?>
<Project ToolsVersion="4.0" xmlns="http://schemas.microsoft.com/developer/msbuild/2003">
  <ItemGroup>
    <Filter Include="ソース ファイル">
      <UniqueIdentifier>{4FC737F1-C7A5-4376-A066-2A32D752A2FF}</UniqueIdentifier>
      <Extensions>cpp;c;cc;cxx;c++;cppm;ixx;def;odl;idl;hpj;bat;asm;asmx</Extensions>
    </Filter>
    <Filter Include="リソース ファイル">
      <UniqueIdentifier>{67DA6AB6-F800-4c08-8B7A-83BB121AAD01}</UniqueIdentifier>
      <Extensions>rc;ico;cur;bmp;dlg;rc2;rct;bin;rgs;gif;jpg;jpeg;jpe;resx;tiff;tif;png;wav;mfcribbon-ms</Extensions>
    </Filter>
  </ItemGroup>
  <ItemGroup>
    <ClCompile Include="Engine\Asset\AnimationManager.cpp">
      <Filter>ソース ファイル</Filter>
    </ClCompile>
    <ClCompile Include="Engine\Asset\Asset.cpp">
      <Filter>ソース ファイル</Filter>
    </ClCompile>
    <ClCompile Include="Engine\Asset\ModelLoader.cpp">
      <Filter>ソース ファイル</Filter>
    </ClCompile>
    <ClCompile Include="Engine\Asset\TextureManager.cpp">
      <Filter>ソース ファイル</Filter>
    </ClCompile>
    <ClCompile Include="Engine\Object\Data\Transform.cpp">
      <Filter>ソース ファイル</Filter>
    </ClCompile>
    <ClCompile Include="Engine\Core\Debug\Assert.cpp">
      <Filter>ソース ファイル</Filter>
    </ClCompile>
    <ClCompile Include="Engine\Core\Graphics\Descriptors\DSVDescriptor.cpp">
      <Filter>ソース ファイル</Filter>
    </ClCompile>
    <ClCompile Include="Engine\Core\Graphics\Descriptors\RTVDescriptor.cpp">
      <Filter>ソース ファイル</Filter>
    </ClCompile>
    <ClCompile Include="Engine\Core\Graphics\Descriptors\SRVDescriptor.cpp">
      <Filter>ソース ファイル</Filter>
    </ClCompile>
    <ClCompile Include="Engine\Core\Graphics\Pipeline\DxBlendState.cpp">
      <Filter>ソース ファイル</Filter>
    </ClCompile>
    <ClCompile Include="Engine\Core\Graphics\Pipeline\DxDepthRaster.cpp">
      <Filter>ソース ファイル</Filter>
    </ClCompile>
    <ClCompile Include="Engine\Core\Graphics\Pipeline\DxInputLayout.cpp">
      <Filter>ソース ファイル</Filter>
    </ClCompile>
    <ClCompile Include="Engine\Core\Graphics\Pipeline\DxRootSignature.cpp">
      <Filter>ソース ファイル</Filter>
    </ClCompile>
    <ClCompile Include="Engine\Core\Graphics\Pipeline\DxShaderCompiler.cpp">
      <Filter>ソース ファイル</Filter>
    </ClCompile>
    <ClCompile Include="Engine\Core\Graphics\Pipeline\PipelineState.cpp">
      <Filter>ソース ファイル</Filter>
    </ClCompile>
    <ClCompile Include="Engine\Core\Graphics\DxObject\DxCommand.cpp">
      <Filter>ソース ファイル</Filter>
    </ClCompile>
    <ClCompile Include="Engine\Core\Graphics\DxObject\DxDevice.cpp">
      <Filter>ソース ファイル</Filter>
    </ClCompile>
    <ClCompile Include="Engine\Core\Graphics\DxObject\DxSwapChain.cpp">
      <Filter>ソース ファイル</Filter>
    </ClCompile>
    <ClCompile Include="Engine\Core\Graphics\PostProcess\RenderTexture.cpp">
      <Filter>ソース ファイル</Filter>
    </ClCompile>
    <ClCompile Include="Engine\Core\Graphics\PostProcess\ShadowMap.cpp">
      <Filter>ソース ファイル</Filter>
    </ClCompile>
    <ClCompile Include="Engine\Core\Graphics\GPUObject\CBufferStructures.cpp">
      <Filter>ソース ファイル</Filter>
    </ClCompile>
    <ClCompile Include="Engine\Core\Graphics\DxLib\DxUtils.cpp">
      <Filter>ソース ファイル</Filter>
    </ClCompile>
    <ClCompile Include="Engine\Asset\Filesystem.cpp">
      <Filter>ソース ファイル</Filter>
    </ClCompile>
    <ClCompile Include="Engine\Core\Window\WinApp.cpp">
      <Filter>ソース ファイル</Filter>
    </ClCompile>
    <ClCompile Include="Engine\Core\Framework.cpp">
      <Filter>ソース ファイル</Filter>
    </ClCompile>
    <ClCompile Include="Engine\Core\Graphics\Renderer\MeshRenderer.cpp">
      <Filter>ソース ファイル</Filter>
    </ClCompile>
    <ClCompile Include="Engine\main.cpp">
      <Filter>ソース ファイル</Filter>
    </ClCompile>
    <ClCompile Include="Engine\Utility\Enum\Easing.cpp">
      <Filter>ソース ファイル</Filter>
    </ClCompile>
    <ClCompile Include="Engine\Utility\Json\JsonAdapter.cpp">
      <Filter>ソース ファイル</Filter>
    </ClCompile>
    <ClCompile Include="Engine\MathLib\Matrix4x4.cpp">
      <Filter>ソース ファイル</Filter>
    </ClCompile>
    <ClCompile Include="Engine\MathLib\Quaternion.cpp">
      <Filter>ソース ファイル</Filter>
    </ClCompile>
    <ClCompile Include="Engine\MathLib\Vector2.cpp">
      <Filter>ソース ファイル</Filter>
    </ClCompile>
    <ClCompile Include="Engine\MathLib\Vector3.cpp">
      <Filter>ソース ファイル</Filter>
    </ClCompile>
    <ClCompile Include="Engine\MathLib\Vector4.cpp">
      <Filter>ソース ファイル</Filter>
    </ClCompile>
    <ClCompile Include="Engine\Collision\Collider.cpp">
      <Filter>ソース ファイル</Filter>
    </ClCompile>
    <ClCompile Include="Engine\Scene\Camera\BaseCamera.cpp">
      <Filter>ソース ファイル</Filter>
    </ClCompile>
    <ClCompile Include="Engine\Scene\Camera\LightViewCamera.cpp">
      <Filter>ソース ファイル</Filter>
    </ClCompile>
    <ClCompile Include="Engine\Scene\Manager\SceneManager.cpp">
      <Filter>ソース ファイル</Filter>
    </ClCompile>
    <ClCompile Include="Engine\Scene\Methods\IScene.cpp">
      <Filter>ソース ファイル</Filter>
    </ClCompile>
    <ClCompile Include="Engine\Scene\Methods\SceneFactory.cpp">
      <Filter>ソース ファイル</Filter>
    </ClCompile>
    <ClCompile Include="Engine\Utility\Timer\GameTimer.cpp">
      <Filter>ソース ファイル</Filter>
    </ClCompile>
    <ClCompile Include="Engine\External\ImGuiManager.cpp">
      <Filter>ソース ファイル</Filter>
    </ClCompile>
    <ClCompile Include="Engine\Editor\ImGuiEditor.cpp">
      <Filter>ソース ファイル</Filter>
    </ClCompile>
    <ClCompile Include="Engine\Input\Input.cpp">
      <Filter>ソース ファイル</Filter>
    </ClCompile>
    <ClCompile Include="Engine\Scene\Camera\DebugCamera.cpp">
      <Filter>ソース ファイル</Filter>
    </ClCompile>
    <ClCompile Include="Engine\Core\Graphics\Renderer\LineRenderer.cpp">
      <Filter>ソース ファイル</Filter>
    </ClCompile>
    <ClCompile Include="Engine\Editor\GameObject\ImGuiObjectEditor.cpp">
      <Filter>ソース ファイル</Filter>
    </ClCompile>
    <ClCompile Include="Engine\Collision\CollisionBody.cpp">
      <Filter>ソース ファイル</Filter>
    </ClCompile>
    <ClCompile Include="Engine\Collision\CollisionGeometry.cpp">
      <Filter>ソース ファイル</Filter>
    </ClCompile>
    <ClCompile Include="Engine\Collision\CollisionManager.cpp">
      <Filter>ソース ファイル</Filter>
    </ClCompile>
    <ClCompile Include="Engine\Utility\Helper\Algorithm.cpp">
      <Filter>ソース ファイル</Filter>
    </ClCompile>
    <ClCompile Include="Engine\Core\Graphics\Renderer\SpriteRenderer.cpp">
      <Filter>ソース ファイル</Filter>
    </ClCompile>
    <ClCompile Include="Engine\Core\Graphics\Context\MeshCommandContext.cpp">
      <Filter>ソース ファイル</Filter>
    </ClCompile>
    <ClCompile Include="Engine\Core\Graphics\GPUObject\InstancedMeshBuffer.cpp">
      <Filter>ソース ファイル</Filter>
    </ClCompile>
    <ClCompile Include="Engine\Object\Data\Sprite.cpp">
      <Filter>ソース ファイル</Filter>
    </ClCompile>
    <ClCompile Include="Engine\Scene\Camera\Camera2D.cpp">
      <Filter>ソース ファイル</Filter>
    </ClCompile>
    <ClCompile Include="Engine\Editor\Base\IGameEditor.cpp">
      <Filter>ソース ファイル</Filter>
    </ClCompile>
    <ClCompile Include="Engine\Editor\Manager\GameEditorManager.cpp">
      <Filter>ソース ファイル</Filter>
    </ClCompile>
    <ClCompile Include="Engine\Core\Graphics\PostProcess\ComputePostProcessor.cpp">
      <Filter>ソース ファイル</Filter>
    </ClCompile>
    <ClCompile Include="Engine\Core\Graphics\PostProcess\PostProcessSystem.cpp">
      <Filter>ソース ファイル</Filter>
    </ClCompile>
    <ClCompile Include="Engine\Core\Graphics\Context\PostProcessCommandContext.cpp">
      <Filter>ソース ファイル</Filter>
    </ClCompile>
    <ClCompile Include="Engine\Core\Graphics\PostProcess\Buffer\PostProcessBuffer.cpp">
      <Filter>ソース ファイル</Filter>
    </ClCompile>
    <ClCompile Include="Engine\Core\Graphics\PostProcess\Buffer\PostProcessBufferSize.cpp">
      <Filter>ソース ファイル</Filter>
    </ClCompile>
    <ClCompile Include="Engine\Core\Graphics\PostProcess\PostProcessPipeline.cpp">
      <Filter>ソース ファイル</Filter>
    </ClCompile>
    <ClCompile Include="Engine\Core\Graphics\Mesh\MeshletBuilder.cpp">
      <Filter>ソース ファイル</Filter>
    </ClCompile>
    <ClCompile Include="Engine\Core\Graphics\Mesh\Mesh.cpp">
      <Filter>ソース ファイル</Filter>
    </ClCompile>
    <ClCompile Include="Engine\Core\Graphics\Mesh\MeshRegistry.cpp">
      <Filter>ソース ファイル</Filter>
    </ClCompile>
    <ClCompile Include="Game\Scene\TitleScene.cpp">
      <Filter>ソース ファイル</Filter>
    </ClCompile>
    <ClCompile Include="Game\Scene\GameScene.cpp">
      <Filter>ソース ファイル</Filter>
    </ClCompile>
    <ClCompile Include="Engine\Scene\Methods\SceneTransition.cpp">
      <Filter>ソース ファイル</Filter>
    </ClCompile>
    <ClCompile Include="Engine\Object\Data\Material.cpp">
      <Filter>ソース ファイル</Filter>
    </ClCompile>
    <ClCompile Include="Engine\Core\Graphics\Descriptors\BaseDescriptor.cpp">
      <Filter>ソース ファイル</Filter>
    </ClCompile>
    <ClCompile Include="Engine\Core\Graphics\GPUObject\SceneConstBuffer.cpp">
      <Filter>ソース ファイル</Filter>
    </ClCompile>
    <ClCompile Include="Engine\Scene\Light\PunctualLight.cpp">
      <Filter>ソース ファイル</Filter>
    </ClCompile>
    <ClCompile Include="Engine\Utility\Animation\SimpleAnimation.cpp">
      <Filter>ソース ファイル</Filter>
    </ClCompile>
    <ClCompile Include="Game\Camera\Follow\FollowCamera.cpp">
      <Filter>ソース ファイル</Filter>
    </ClCompile>
    <ClCompile Include="Engine\Asset\AssetEditor.cpp">
      <Filter>ソース ファイル</Filter>
    </ClCompile>
    <ClCompile Include="Engine\Object\System\Manager\SystemManager.cpp">
      <Filter>ソース ファイル</Filter>
    </ClCompile>
    <ClCompile Include="Engine\Object\System\Systems\TransformSystem.cpp">
      <Filter>ソース ファイル</Filter>
    </ClCompile>
    <ClCompile Include="Engine\Object\System\Systems\MaterialSystem.cpp">
      <Filter>ソース ファイル</Filter>
    </ClCompile>
    <ClCompile Include="Engine\Object\Core\ObjectManager.cpp">
      <Filter>ソース ファイル</Filter>
    </ClCompile>
    <ClCompile Include="Engine\Object\System\Systems\AnimationSystem.cpp">
      <Filter>ソース ファイル</Filter>
    </ClCompile>
    <ClCompile Include="Engine\Object\System\Systems\InstancedMeshSystem.cpp">
      <Filter>ソース ファイル</Filter>
    </ClCompile>
    <ClCompile Include="Engine\Object\System\Systems\TagSystem.cpp">
      <Filter>ソース ファイル</Filter>
    </ClCompile>
    <ClCompile Include="Engine\Utility\Random\RandomGenerator.cpp">
      <Filter>ソース ファイル</Filter>
    </ClCompile>
    <ClCompile Include="Engine\Core\Graphics\DxLib\DxStructures.cpp">
      <Filter>ソース ファイル</Filter>
    </ClCompile>
    <ClCompile Include="Engine\Object\System\Systems\SpriteBufferSystem.cpp">
      <Filter>ソース ファイル</Filter>
    </ClCompile>
    <ClCompile Include="Engine\Object\Base\Interface\IGameObject.cpp">
      <Filter>ソース ファイル</Filter>
    </ClCompile>
    <ClCompile Include="Engine\Object\Base\GameObject2D.cpp">
      <Filter>ソース ファイル</Filter>
    </ClCompile>
    <ClCompile Include="Engine\Object\Base\GameObject3D.cpp">
      <Filter>ソース ファイル</Filter>
    </ClCompile>
    <ClCompile Include="Engine\Editor\GameObject\GameObjectEditor.cpp">
      <Filter>ソース ファイル</Filter>
    </ClCompile>
    <ClCompile Include="Engine\Core\Graphics\Raytracing\RaytracingPipeline.cpp">
      <Filter>ソース ファイル</Filter>
    </ClCompile>
    <ClCompile Include="Engine\Core\Graphics\Raytracing\BottomLevelAS.cpp">
      <Filter>ソース ファイル</Filter>
    </ClCompile>
    <ClCompile Include="Engine\Core\Graphics\Raytracing\TopLevelAS.cpp">
      <Filter>ソース ファイル</Filter>
    </ClCompile>
    <ClCompile Include="Engine\Core\Graphics\Raytracing\RaytracingScene.cpp">
      <Filter>ソース ファイル</Filter>
    </ClCompile>
    <ClCompile Include="Engine\Core\Graphics\Raytracing\AccelerationStructureBuffer.cpp">
      <Filter>ソース ファイル</Filter>
    </ClCompile>
    <ClCompile Include="Engine\Core\Graphics\PostProcess\DepthTexture.cpp">
      <Filter>ソース ファイル</Filter>
    </ClCompile>
    <ClCompile Include="Engine\Core\Graphics\RenderEngine.cpp">
      <Filter>ソース ファイル</Filter>
    </ClCompile>
    <ClCompile Include="Engine\Scene\SceneView.cpp">
      <Filter>ソース ファイル</Filter>
    </ClCompile>
    <ClCompile Include="Engine\Core\Graphics\GraphicsPlatform.cpp">
      <Filter>ソース ファイル</Filter>
    </ClCompile>
    <ClCompile Include="Engine\Object\Data\Skybox.cpp">
      <Filter>ソース ファイル</Filter>
    </ClCompile>
    <ClCompile Include="Engine\Object\System\Systems\SkyboxRenderSystem.cpp">
      <Filter>ソース ファイル</Filter>
    </ClCompile>
    <ClCompile Include="Engine\Editor\Level\LevelEditor.cpp">
      <Filter>ソース ファイル</Filter>
    </ClCompile>
    <ClCompile Include="Engine\Editor\Level\SceneBuilder.cpp">
      <Filter>ソース ファイル</Filter>
    </ClCompile>
    <ClCompile Include="Game\Objects\SceneTransition\FadeTransition.cpp">
      <Filter>ソース ファイル</Filter>
    </ClCompile>
    <ClCompile Include="Game\Objects\GameScene\Enemy\Boss\Entity\BossEnemy.cpp">
      <Filter>ソース ファイル</Filter>
    </ClCompile>
    <ClCompile Include="Game\Objects\GameScene\Enemy\Boss\Entity\BossEnemyWeapon.cpp">
      <Filter>ソース ファイル</Filter>
    </ClCompile>
    <ClCompile Include="Game\Objects\GameScene\Enemy\Boss\HUD\BossEnemyHUD.cpp">
      <Filter>ソース ファイル</Filter>
    </ClCompile>
    <ClCompile Include="Game\Objects\GameScene\Enemy\Boss\State\Interface\BossEnemyIState.cpp">
      <Filter>ソース ファイル</Filter>
    </ClCompile>
    <ClCompile Include="Game\Objects\GameScene\Enemy\Boss\State\BossEnemyStateController.cpp">
      <Filter>ソース ファイル</Filter>
    </ClCompile>
    <ClCompile Include="Game\Objects\GameScene\Environment\Object\FieldCrossMarkWall.cpp">
      <Filter>ソース ファイル</Filter>
    </ClCompile>
    <ClCompile Include="Game\Objects\Base\GameHPBar.cpp">
      <Filter>ソース ファイル</Filter>
    </ClCompile>
    <ClCompile Include="Game\Objects\Base\GameDigitDisplay.cpp">
      <Filter>ソース ファイル</Filter>
    </ClCompile>
    <ClCompile Include="Engine\Core\Graphics\GPUObject\DitherStructures.cpp">
      <Filter>ソース ファイル</Filter>
    </ClCompile>
    <ClCompile Include="Game\Objects\GameScene\Player\Entity\Player.cpp">
      <Filter>ソース ファイル</Filter>
    </ClCompile>
    <ClCompile Include="Game\Objects\GameScene\Player\HUD\PlayerHUD.cpp">
      <Filter>ソース ファイル</Filter>
    </ClCompile>
    <ClCompile Include="Game\Objects\Base\GameCommonStructures.cpp">
      <Filter>ソース ファイル</Filter>
    </ClCompile>
    <ClCompile Include="Game\Objects\GameScene\Enemy\Boss\Structures\BossEnemyStructures.cpp">
      <Filter>ソース ファイル</Filter>
    </ClCompile>
    <ClCompile Include="Game\Objects\GameScene\Enemy\Boss\State\States\BossEnemyChargeAttackState.cpp">
      <Filter>ソース ファイル</Filter>
    </ClCompile>
    <ClCompile Include="Game\Objects\GameScene\Enemy\Boss\State\States\BossEnemyFalterState.cpp">
      <Filter>ソース ファイル</Filter>
    </ClCompile>
    <ClCompile Include="Game\Objects\GameScene\Enemy\Boss\State\States\BossEnemyIdleState.cpp">
      <Filter>ソース ファイル</Filter>
    </ClCompile>
    <ClCompile Include="Game\Objects\GameScene\Enemy\Boss\State\States\BossEnemyLightAttackState.cpp">
      <Filter>ソース ファイル</Filter>
    </ClCompile>
    <ClCompile Include="Game\Objects\GameScene\Enemy\Boss\State\States\BossEnemyRushAttackState.cpp">
      <Filter>ソース ファイル</Filter>
    </ClCompile>
    <ClCompile Include="Game\Objects\GameScene\Enemy\Boss\State\States\BossEnemyStrongAttackState.cpp">
      <Filter>ソース ファイル</Filter>
    </ClCompile>
    <ClCompile Include="Game\Objects\GameScene\Enemy\Boss\State\States\BossEnemyTeleportationState.cpp">
      <Filter>ソース ファイル</Filter>
    </ClCompile>
    <ClCompile Include="Game\Objects\GameScene\Enemy\Boss\State\States\BossEnemyStunState.cpp">
      <Filter>ソース ファイル</Filter>
    </ClCompile>
    <ClCompile Include="Game\Objects\GameScene\Player\State\Interface\PlayerIState.cpp">
      <Filter>ソース ファイル</Filter>
    </ClCompile>
    <ClCompile Include="Game\Objects\GameScene\Player\State\PlayerStateController.cpp">
      <Filter>ソース ファイル</Filter>
    </ClCompile>
    <ClCompile Include="Game\Objects\GameScene\Player\State\States\PlayerIdleState.cpp">
      <Filter>ソース ファイル</Filter>
    </ClCompile>
    <ClCompile Include="Game\Objects\GameScene\Player\State\States\PlayerParryState.cpp">
      <Filter>ソース ファイル</Filter>
    </ClCompile>
    <ClCompile Include="Game\Objects\GameScene\Player\State\States\PlayerSkilAttackState.cpp">
      <Filter>ソース ファイル</Filter>
    </ClCompile>
    <ClCompile Include="Game\Objects\GameScene\Player\State\States\PlayerWalkState.cpp">
      <Filter>ソース ファイル</Filter>
    </ClCompile>
    <ClCompile Include="Game\Objects\GameScene\Player\State\States\PlayerAttack_1stState.cpp">
      <Filter>ソース ファイル</Filter>
    </ClCompile>
    <ClCompile Include="Game\Objects\GameScene\Player\State\States\PlayerAttack_2ndState.cpp">
      <Filter>ソース ファイル</Filter>
    </ClCompile>
    <ClCompile Include="Game\Objects\GameScene\Player\State\States\PlayerAttack_3rdState.cpp">
      <Filter>ソース ファイル</Filter>
    </ClCompile>
    <ClCompile Include="Game\Objects\GameScene\Player\State\States\PlayerDashState.cpp">
      <Filter>ソース ファイル</Filter>
    </ClCompile>
    <ClCompile Include="Game\Objects\GameScene\Player\Structures\PlayerStructures.cpp">
      <Filter>ソース ファイル</Filter>
    </ClCompile>
    <ClCompile Include="Game\Objects\GameScene\Player\Input\Device\PlayerKeyInput.cpp">
      <Filter>ソース ファイル</Filter>
    </ClCompile>
    <ClCompile Include="Game\Objects\GameScene\Player\Input\Device\PlayerGamePadInput.cpp">
      <Filter>ソース ファイル</Filter>
    </ClCompile>
    <ClCompile Include="Game\Objects\GameScene\Player\State\Interface\PlayerBaseAttackState.cpp">
      <Filter>ソース ファイル</Filter>
    </ClCompile>
    <ClCompile Include="Game\Objects\GameScene\Player\Entity\PlayerWeapon.cpp">
      <Filter>ソース ファイル</Filter>
    </ClCompile>
    <ClCompile Include="Engine\MathLib\MathUtils.cpp">
      <Filter>ソース ファイル</Filter>
    </ClCompile>
    <ClCompile Include="Game\Objects\GameScene\Player\Collision\PlayerAttackCollision.cpp">
      <Filter>ソース ファイル</Filter>
    </ClCompile>
    <ClCompile Include="Game\Objects\Base\GameDisplayDamage.cpp">
      <Filter>ソース ファイル</Filter>
    </ClCompile>
    <ClCompile Include="Game\Camera\Manager\CameraManager.cpp">
      <Filter>ソース ファイル</Filter>
    </ClCompile>
    <ClCompile Include="Game\Camera\Follow\State\FollowCameraStateController.cpp">
      <Filter>ソース ファイル</Filter>
    </ClCompile>
    <ClCompile Include="Game\Camera\Follow\State\States\FollowCameraFollowState.cpp">
      <Filter>ソース ファイル</Filter>
    </ClCompile>
    <ClCompile Include="Game\Camera\Follow\State\States\FollowCameraSwitchAllyState.cpp">
      <Filter>ソース ファイル</Filter>
    </ClCompile>
    <ClCompile Include="Game\Camera\Follow\State\States\FollowCameraStunAttackState.cpp">
      <Filter>ソース ファイル</Filter>
    </ClCompile>
    <ClCompile Include="Game\Camera\Follow\Input\Device\FollowCameraKeyInput.cpp">
      <Filter>ソース ファイル</Filter>
    </ClCompile>
    <ClCompile Include="Game\Camera\Follow\Input\Device\FollowCameraGamePadInput.cpp">
      <Filter>ソース ファイル</Filter>
    </ClCompile>
    <ClCompile Include="Game\Camera\Follow\State\States\FollowCameraShakeState.cpp">
      <Filter>ソース ファイル</Filter>
    </ClCompile>
    <ClCompile Include="Game\Objects\GameScene\Player\State\States\PlayerSwitchAllyState.cpp">
      <Filter>ソース ファイル</Filter>
    </ClCompile>
    <ClCompile Include="Game\Objects\GameScene\Player\State\States\PlayerStunAttackState.cpp">
      <Filter>ソース ファイル</Filter>
    </ClCompile>
    <ClCompile Include="Game\Objects\GameScene\Player\HUD\PlayerStunHUD.cpp">
      <Filter>ソース ファイル</Filter>
    </ClCompile>
    <ClCompile Include="Game\Objects\Base\GameTimerDisplay.cpp">
      <Filter>ソース ファイル</Filter>
    </ClCompile>
    <ClCompile Include="Game\Camera\Follow\State\Interface\FollowCameraIState.cpp">
      <Filter>ソース ファイル</Filter>
    </ClCompile>
    <ClCompile Include="Game\Camera\Follow\State\States\FollowCameraAllyAttackState.cpp">
      <Filter>ソース ファイル</Filter>
    </ClCompile>
    <ClCompile Include="Game\Objects\GameScene\Enemy\Boss\Collision\BossEnemyBladeCollision.cpp">
      <Filter>ソース ファイル</Filter>
    </ClCompile>
    <ClCompile Include="Game\Objects\GameScene\Player\State\States\PlayerAvoidSatate.cpp">
      <Filter>ソース ファイル</Filter>
    </ClCompile>
    <ClCompile Include="Game\Objects\GameScene\Enemy\Boss\Collision\BossEnemyAttackCollision.cpp">
      <Filter>ソース ファイル</Filter>
    </ClCompile>
    <ClCompile Include="Engine\Object\Core\ObjectPoolManager.cpp">
      <Filter>ソース ファイル</Filter>
    </ClCompile>
    <ClCompile Include="Engine\Core\Graphics\GPUObject\IndexBuffer.cpp">
      <Filter>ソース ファイル</Filter>
    </ClCompile>
    <ClCompile Include="Engine\Effect\Particle\Core\ParticleManager.cpp">
      <Filter>ソース ファイル</Filter>
    </ClCompile>
    <ClCompile Include="Engine\Effect\Particle\Core\ParticleRenderer.cpp">
      <Filter>ソース ファイル</Filter>
    </ClCompile>
    <ClCompile Include="Engine\Effect\Particle\Core\GPUParticleUpdater.cpp">
      <Filter>ソース ファイル</Filter>
    </ClCompile>
    <ClCompile Include="Engine\Effect\Trail\Editor\TrailEffectEditor.cpp">
      <Filter>ソース ファイル</Filter>
    </ClCompile>
    <ClCompile Include="Engine\Effect\Trail\Core\TrailEffectRenderer.cpp">
      <Filter>ソース ファイル</Filter>
    </ClCompile>
    <ClCompile Include="Engine\Effect\Trail\Core\GPUTrailEffectUpdater.cpp">
      <Filter>ソース ファイル</Filter>
    </ClCompile>
    <ClCompile Include="Engine\Effect\Game\GameEffect.cpp">
      <Filter>ソース ファイル</Filter>
    </ClCompile>
    <ClCompile Include="Engine\Effect\Particle\System\ParticleSystem.cpp">
      <Filter>ソース ファイル</Filter>
    </ClCompile>
    <ClCompile Include="Engine\Effect\Particle\Data\GPUParticleGroup.cpp">
      <Filter>ソース ファイル</Filter>
    </ClCompile>
    <ClCompile Include="Engine\Effect\Particle\Data\CPUParticleGroup.cpp">
      <Filter>ソース ファイル</Filter>
    </ClCompile>
    <ClCompile Include="Engine\Effect\Particle\Data\Base\BaseParticleGroup.cpp">
      <Filter>ソース ファイル</Filter>
    </ClCompile>
    <ClCompile Include="Engine\Effect\Particle\Phase\ParticlePhase.cpp">
      <Filter>ソース ファイル</Filter>
    </ClCompile>
    <ClCompile Include="Engine\Core\Debug\SpdLogger.cpp">
      <Filter>ソース ファイル</Filter>
    </ClCompile>
    <ClCompile Include="Game\Scene\EffectScene.cpp">
      <Filter>ソース ファイル</Filter>
    </ClCompile>
    <ClCompile Include="Engine\Effect\Particle\Module\Spawner\ParticleSpawnSphereModule.cpp">
      <Filter>ソース ファイル</Filter>
    </ClCompile>
    <ClCompile Include="Engine\Effect\Particle\Module\Spawner\ParticleSpawnHemisphereModule.cpp">
      <Filter>ソース ファイル</Filter>
    </ClCompile>
    <ClCompile Include="Engine\Effect\Particle\Module\Spawner\ParticleSpawnBoxModule.cpp">
      <Filter>ソース ファイル</Filter>
    </ClCompile>
    <ClCompile Include="Engine\Effect\Particle\Module\Spawner\ParticleSpawnConeModule.cpp">
      <Filter>ソース ファイル</Filter>
    </ClCompile>
    <ClCompile Include="Engine\Effect\Particle\Module\Updater\ParticleUpdateVelocityModule.cpp">
      <Filter>ソース ファイル</Filter>
    </ClCompile>
    <ClCompile Include="Engine\Effect\Particle\Module\Updater\ParticleUpdateColorModule.cpp">
      <Filter>ソース ファイル</Filter>
    </ClCompile>
    <ClCompile Include="Engine\Effect\Particle\Module\Base\ICPUParticleSpawnModule.cpp">
      <Filter>ソース ファイル</Filter>
    </ClCompile>
    <ClCompile Include="Engine\Effect\Particle\Module\Updater\ParticleUpdateRotationModule.cpp">
      <Filter>ソース ファイル</Filter>
    </ClCompile>
    <ClCompile Include="Engine\Effect\Particle\Module\Updater\ParticleUpdateScaleModule.cpp">
      <Filter>ソース ファイル</Filter>
    </ClCompile>
    <ClCompile Include="Engine\Effect\Particle\Module\Updater\ParticleUpdateUVModule.cpp">
      <Filter>ソース ファイル</Filter>
    </ClCompile>
    <ClCompile Include="Engine\Effect\Particle\Module\Updater\ParticleUpdateGravityModule.cpp">
      <Filter>ソース ファイル</Filter>
    </ClCompile>
    <ClCompile Include="Engine\Effect\Particle\Module\Updater\ParticleUpdateEmissiveModule.cpp">
      <Filter>ソース ファイル</Filter>
    </ClCompile>
    <ClCompile Include="Engine\Effect\Particle\Module\Updater\ParticleUpdateAlphaReferenceModule.cpp">
      <Filter>ソース ファイル</Filter>
    </ClCompile>
    <ClCompile Include="Engine\Effect\Particle\Module\Updater\ParticleUpdatePrimitiveModule.cpp">
      <Filter>ソース ファイル</Filter>
    </ClCompile>
    <ClCompile Include="Engine\Effect\Particle\Structures\ParticleLoop.cpp">
      <Filter>ソース ファイル</Filter>
    </ClCompile>
    <ClCompile Include="Engine\Effect\Particle\Module\Base\ParticleLoopableModule.cpp">
      <Filter>ソース ファイル</Filter>
    </ClCompile>
    <ClCompile Include="Engine\Effect\Particle\Module\Spawner\ParticleSpawnPolygonVertexModule.cpp">
      <Filter>ソース ファイル</Filter>
    </ClCompile>
    <ClCompile Include="Engine\Utility\Helper\ImGuiHelper.cpp">
      <Filter>ソース ファイル</Filter>
    </ClCompile>
    <ClCompile Include="Engine\Core\Graphics\DxObject\DxUploadCommand.cpp">
      <Filter>ソース ファイル</Filter>
    </ClCompile>
    <ClCompile Include="Game\Objects\TitleScene\DisplaySprite\TitleDisplaySprite.cpp">
      <Filter>ソース ファイル</Filter>
    </ClCompile>
    <ClCompile Include="Game\Objects\TitleScene\PostEffect\TitlePostEffect.cpp">
      <Filter>ソース ファイル</Filter>
    </ClCompile>
    <ClCompile Include="Game\Objects\TitleScene\TitleController.cpp">
      <Filter>ソース ファイル</Filter>
    </ClCompile>
    <ClCompile Include="Game\Objects\TitleScene\DisplaySprite\GameFinishUI.cpp">
      <Filter>ソース ファイル</Filter>
    </ClCompile>
    <ClCompile Include="Game\Objects\Base\GameButton.cpp">
      <Filter>ソース ファイル</Filter>
    </ClCompile>
    <ClCompile Include="Game\Objects\Common\GameButtonBlinkingUpdater.cpp">
      <Filter>ソース ファイル</Filter>
    </ClCompile>
    <ClCompile Include="Engine\Utility\Animation\AnimationLoop.cpp">
      <Filter>ソース ファイル</Filter>
    </ClCompile>
    <ClCompile Include="Game\Objects\Base\GamecButtonFocusNavigator.cpp">
      <Filter>ソース ファイル</Filter>
    </ClCompile>
    <ClCompile Include="Engine\Utility\Timer\StateTimer.cpp">
      <Filter>ソース ファイル</Filter>
    </ClCompile>
    <ClCompile Include="Game\Scene\GameState\States\StartGameState.cpp">
      <Filter>ソース ファイル</Filter>
    </ClCompile>
    <ClCompile Include="Game\Scene\GameState\States\BeginGameState.cpp">
      <Filter>ソース ファイル</Filter>
    </ClCompile>
    <ClCompile Include="Game\Scene\GameState\States\PlayGameState.cpp">
      <Filter>ソース ファイル</Filter>
    </ClCompile>
    <ClCompile Include="Game\Scene\GameState\States\EndGameState.cpp">
      <Filter>ソース ファイル</Filter>
    </ClCompile>
    <ClCompile Include="Game\Scene\GameState\States\PauseState.cpp">
      <Filter>ソース ファイル</Filter>
    </ClCompile>
    <ClCompile Include="Game\Objects\GameScene\Environment\Collision\FieldWallCollision.cpp">
      <Filter>ソース ファイル</Filter>
    </ClCompile>
    <ClCompile Include="Game\Objects\GameScene\Environment\Collision\FieldBoundary.cpp">
      <Filter>ソース ファイル</Filter>
    </ClCompile>
    <ClCompile Include="Game\Camera\BeginGame\BeginGameCamera.cpp">
      <Filter>ソース ファイル</Filter>
    </ClCompile>
    <ClCompile Include="Game\Objects\GameScene\SpriteEffect\FadeSprite.cpp">
      <Filter>ソース ファイル</Filter>
    </ClCompile>
    <ClCompile Include="Game\Camera\EndGame\EndGameCamera.cpp">
      <Filter>ソース ファイル</Filter>
    </ClCompile>
    <ClCompile Include="Game\Objects\GameScene\Enemy\Boss\HUD\BossEnemyAttackSign.cpp">
      <Filter>ソース ファイル</Filter>
    </ClCompile>
    <ClCompile Include="Game\Objects\GameScene\Enemy\Boss\State\States\BossEnemyContinuousAttackState.cpp">
      <Filter>ソース ファイル</Filter>
    </ClCompile>
    <ClCompile Include="Engine\Effect\Game\Helper\GameEffectCommandHelper.cpp">
      <Filter>ソース ファイル</Filter>
    </ClCompile>
    <ClCompile Include="Game\Objects\GameScene\Enemy\Boss\Effect\BossEnemyAnimationEffect.cpp">
      <Filter>ソース ファイル</Filter>
    </ClCompile>
    <ClCompile Include="Engine\Effect\Particle\Module\Spawner\ParticleSpawnModuleUpdater.cpp">
      <Filter>ソース ファイル</Filter>
    </ClCompile>
    <ClCompile Include="Game\Objects\GameScene\Enemy\Boss\Effect\BossEnemyBladeEffect.cpp">
      <Filter>ソース ファイル</Filter>
    </ClCompile>
    <ClCompile Include="Game\Objects\GameScene\Player\Effect\PlayerAnimationEffect.cpp">
      <Filter>ソース ファイル</Filter>
    </ClCompile>
    <ClCompile Include="Game\Objects\GameScene\Player\State\States\PlayerAttack_4thState.cpp">
      <Filter>ソース ファイル</Filter>
    </ClCompile>
    <ClCompile Include="Game\Camera\ResultCamera\ClearResultCamera.cpp">
      <Filter>ソース ファイル</Filter>
    </ClCompile>
    <ClCompile Include="Game\Scene\GameState\States\ResultGameState.cpp">
      <Filter>ソース ファイル</Filter>
    </ClCompile>
    <ClCompile Include="Game\Objects\GameScene\Result\GameResultDisplay.cpp">
      <Filter>ソース ファイル</Filter>
    </ClCompile>
    <ClCompile Include="Engine\Core\Graphics\GPUObject\GPUPixelPicker.cpp">
      <Filter>ソース ファイル</Filter>
    </ClCompile>
    <ClCompile Include="Engine\Editor\Camera\3D\Camera3DEditor.cpp">
      <Filter>ソース ファイル</Filter>
    </ClCompile>
    <ClCompile Include="Engine\Utility\Enum\Direction.cpp">
      <Filter>ソース ファイル</Filter>
    </ClCompile>
    <ClCompile Include="Engine\Utility\Animation\LerpKeyframe.cpp">
      <Filter>ソース ファイル</Filter>
    </ClCompile>
    <ClCompile Include="Engine\Editor\Camera\3D\CameraPathData.cpp">
      <Filter>ソース ファイル</Filter>
    </ClCompile>
    <ClCompile Include="Engine\Editor\Camera\3D\CameraPathController.cpp">
      <Filter>ソース ファイル</Filter>
    </ClCompile>
    <ClCompile Include="Engine\Editor\Camera\3D\CameraPathGizmoSynch.cpp">
      <Filter>ソース ファイル</Filter>
    </ClCompile>
    <ClCompile Include="Engine\Editor\Camera\3D\CameraPathRenderer.cpp">
      <Filter>ソース ファイル</Filter>
    </ClCompile>
    <ClCompile Include="Engine\Editor\Camera\3D\Camera3DEditorPanel.cpp">
      <Filter>ソース ファイル</Filter>
    </ClCompile>
    <ClCompile Include="Engine\Object\Data\MeshRender.cpp">
      <Filter>ソース ファイル</Filter>
    </ClCompile>
    <ClCompile Include="Engine\Object\Data\SkinnedAnimation.cpp">
      <Filter>ソース ファイル</Filter>
    </ClCompile>
    <ClCompile Include="Engine\Editor\ActionProgress\ActionProgressMonitor.cpp">
      <Filter>ソース ファイル</Filter>
    </ClCompile>
  </ItemGroup>
  <ItemGroup>
    <ClInclude Include="Engine\Asset\AnimationManager.h" />
    <ClInclude Include="Engine\Asset\Asset.h" />
    <ClInclude Include="Engine\Asset\AssetStructure.h" />
    <ClInclude Include="Engine\Asset\ModelLoader.h" />
    <ClInclude Include="Engine\Asset\TextureManager.h" />
    <ClInclude Include="Engine\Object\Data\Transform.h" />
    <ClInclude Include="Engine\Core\Graphics\GPUObject\DxConstBuffer.h" />
    <ClInclude Include="Engine\Core\Debug\Assert.h" />
    <ClInclude Include="Engine\Core\Graphics\Descriptors\DSVDescriptor.h" />
    <ClInclude Include="Engine\Core\Graphics\Descriptors\RTVDescriptor.h" />
    <ClInclude Include="Engine\Core\Graphics\Descriptors\SRVDescriptor.h" />
    <ClInclude Include="Engine\Core\Graphics\Pipeline\DxBlendState.h" />
    <ClInclude Include="Engine\Core\Graphics\Pipeline\DxDepthRaster.h" />
    <ClInclude Include="Engine\Core\Graphics\Pipeline\DxInputLayout.h" />
    <ClInclude Include="Engine\Core\Graphics\Pipeline\DxRootSignature.h" />
    <ClInclude Include="Engine\Core\Graphics\Pipeline\DxShaderCompiler.h" />
    <ClInclude Include="Engine\Core\Graphics\Pipeline\PipelineState.h" />
    <ClInclude Include="Engine\Core\Graphics\DxObject\DxCommand.h" />
    <ClInclude Include="Engine\Core\Graphics\DxObject\DxDevice.h" />
    <ClInclude Include="Engine\Core\Graphics\DxObject\DxSwapChain.h" />
    <ClInclude Include="Engine\Core\Graphics\PostProcess\RenderTexture.h" />
    <ClInclude Include="Engine\Core\Graphics\PostProcess\ShadowMap.h" />
    <ClInclude Include="Engine\Core\Graphics\GPUObject\CBufferStructures.h" />
    <ClInclude Include="Engine\Core\Graphics\DxLib\ComPtr.h" />
    <ClInclude Include="Engine\Core\Graphics\DxLib\DxStructures.h" />
    <ClInclude Include="Engine\Core\Graphics\DxLib\DxUtils.h" />
    <ClInclude Include="Engine\Asset\Filesystem.h" />
    <ClInclude Include="Engine\Core\Window\WinApp.h" />
    <ClInclude Include="Engine\Core\Framework.h" />
    <ClInclude Include="Engine\Core\Graphics\Renderer\MeshRenderer.h" />
    <ClInclude Include="Engine\Utility\Enum\Easing.h" />
    <ClInclude Include="Engine\Utility\Json\JsonAdapter.h" />
    <ClInclude Include="Engine\Utility\Random\RandomGenerator.h" />
    <ClInclude Include="Engine\MathLib\Matrix4x4.h" />
    <ClInclude Include="Engine\MathLib\Quaternion.h" />
    <ClInclude Include="Engine\MathLib\Vector2.h" />
    <ClInclude Include="Engine\MathLib\Vector3.h" />
    <ClInclude Include="Engine\MathLib\Vector4.h" />
    <ClInclude Include="Engine\Collision\Collider.h" />
    <ClInclude Include="Engine\Scene\Camera\BaseCamera.h" />
    <ClInclude Include="Engine\Scene\Camera\LightViewCamera.h" />
    <ClInclude Include="Engine\Scene\Light\PunctualLight.h" />
    <ClInclude Include="Engine\Scene\Manager\SceneManager.h" />
    <ClInclude Include="Engine\Scene\Methods\IScene.h" />
    <ClInclude Include="Engine\Scene\Methods\SceneFactory.h" />
    <ClInclude Include="Engine\Utility\Timer\GameTimer.h" />
    <ClInclude Include="Engine\External\ImGuiManager.h" />
    <ClInclude Include="Engine\Editor\ImGuiEditor.h" />
    <ClInclude Include="Engine\Input\Input.h" />
    <ClInclude Include="Engine\Scene\Camera\DebugCamera.h" />
    <ClInclude Include="Engine\Core\Graphics\Renderer\LineRenderer.h" />
    <ClInclude Include="Engine\MathLib\MathUtils.h" />
    <ClInclude Include="Engine\Editor\GameObject\ImGuiObjectEditor.h" />
    <ClInclude Include="Engine\Collision\CollisionBody.h" />
    <ClInclude Include="Engine\Collision\CollisionManager.h" />
    <ClInclude Include="Engine\Collision\CollisionGeometry.h" />
    <ClInclude Include="Engine\Utility\Helper\Algorithm.h" />
    <ClInclude Include="Engine\Core\Graphics\Renderer\SpriteRenderer.h" />
    <ClInclude Include="Engine\Core\Graphics\Context\MeshCommandContext.h" />
    <ClInclude Include="Engine\Core\Graphics\GPUObject\InstancedMeshBuffer.h" />
    <ClInclude Include="Engine\Object\Data\Sprite.h" />
    <ClInclude Include="Engine\Scene\Camera\Camera2D.h" />
    <ClInclude Include="Engine\Editor\Base\IGameEditor.h" />
    <ClInclude Include="Engine\Editor\Manager\GameEditorManager.h" />
    <ClInclude Include="Engine\Core\Graphics\PostProcess\ComputePostProcessor.h" />
    <ClInclude Include="Engine\Core\Graphics\Context\PostProcessCommandContext.h" />
    <ClInclude Include="Engine\Core\Graphics\PostProcess\PostProcessSystem.h" />
    <ClInclude Include="Engine\Core\Graphics\PostProcess\PostProcessType.h" />
    <ClInclude Include="Engine\Core\Graphics\PostProcess\Buffer\PostProcessBuffer.h" />
    <ClInclude Include="Engine\Core\Graphics\PostProcess\Buffer\PostProcessBufferSize.h" />
    <ClInclude Include="Engine\Core\Graphics\PostProcess\PostProcessPipeline.h" />
    <ClInclude Include="Engine\Core\Graphics\Mesh\MeshletStructures.h" />
    <ClInclude Include="Engine\Core\Graphics\Mesh\MeshletBuilder.h" />
    <ClInclude Include="Engine\Core\Graphics\Mesh\Mesh.h" />
    <ClInclude Include="Engine\Core\Graphics\Mesh\MeshRegistry.h" />
    <ClInclude Include="Game\Scene\TitleScene.h" />
    <ClInclude Include="Game\Scene\GameScene.h" />
    <ClInclude Include="Engine\Scene\Methods\SceneTransition.h" />
    <ClInclude Include="Engine\Object\Data\Material.h" />
    <ClInclude Include="Engine\Core\Graphics\Descriptors\BaseDescriptor.h" />
    <ClInclude Include="Engine\Core\Graphics\GPUObject\SceneConstBuffer.h" />
    <ClInclude Include="Engine\Utility\Animation\SimpleAnimation.h" />
    <ClInclude Include="Game\Camera\Follow\FollowCamera.h" />
    <ClInclude Include="Engine\Asset\AssetEditor.h" />
    <ClInclude Include="Engine\Object\Core\ObjectPool.h" />
    <ClInclude Include="Engine\Object\Core\ObjectPoolManager.h" />
    <ClInclude Include="Engine\Object\System\Base\ISystem.h" />
    <ClInclude Include="Engine\Object\System\Manager\SystemManager.h" />
    <ClInclude Include="Engine\Object\System\Systems\TransformSystem.h" />
    <ClInclude Include="Engine\Object\System\Systems\MaterialSystem.h" />
    <ClInclude Include="Engine\Object\Core\ObjectManager.h" />
    <ClInclude Include="Engine\Object\System\Systems\AnimationSystem.h" />
    <ClInclude Include="Engine\Object\System\Systems\InstancedMeshSystem.h" />
    <ClInclude Include="Engine\Object\Data\ObjectTag.h" />
    <ClInclude Include="Engine\Object\System\Systems\TagSystem.h" />
    <ClInclude Include="Engine\Config.h" />
    <ClInclude Include="Engine\Particle\ParticleUpdater.h" />
    <ClInclude Include="Engine\Object\System\Systems\SpriteBufferSystem.h" />
    <ClInclude Include="Engine\Object\Base\Interface\IGameObject.h" />
    <ClInclude Include="Engine\Object\Base\GameObject3D.h" />
    <ClInclude Include="Engine\Object\Base\GameObject2D.h" />
    <ClInclude Include="Engine\Editor\GameObject\GameObjectEditor.h" />
    <ClInclude Include="Engine\Core\Graphics\Raytracing\RaytracingPipeline.h" />
    <ClInclude Include="Engine\Core\Graphics\Raytracing\AccelerationStructureBuffer.h" />
    <ClInclude Include="Engine\Core\Graphics\Raytracing\BottomLevelAS.h" />
    <ClInclude Include="Engine\Core\Graphics\Raytracing\TopLevelAS.h" />
    <ClInclude Include="Engine\Core\Graphics\Raytracing\RaytracingScene.h" />
    <ClInclude Include="Engine\Core\Graphics\Raytracing\RaytracingStructures.h" />
    <ClInclude Include="Engine\Core\Graphics\PostProcess\DepthTexture.h" />
    <ClInclude Include="Engine\Core\Graphics\RenderEngine.h" />
    <ClInclude Include="Engine\Scene\SceneView.h" />
    <ClInclude Include="Engine\Core\Graphics\GraphicsPlatform.h" />
    <ClInclude Include="Engine\Object\Data\Skybox.h" />
    <ClInclude Include="Engine\Object\System\Systems\SkyboxRenderSystem.h" />
    <ClInclude Include="Engine\Editor\Level\LevelEditor.h" />
    <ClInclude Include="Engine\Editor\Level\LevelStructures.h" />
    <ClInclude Include="Engine\Editor\Level\SceneBuilder.h" />
    <ClInclude Include="Game\Objects\Base\ITransition.h" />
    <ClInclude Include="Game\Objects\SceneTransition\FadeTransition.h" />
    <ClInclude Include="Game\Objects\GameScene\Enemy\Boss\Entity\BossEnemy.h" />
    <ClInclude Include="Game\Objects\GameScene\Enemy\Boss\Entity\BossEnemyWeapon.h" />
    <ClInclude Include="Game\Objects\GameScene\Enemy\Boss\HUD\BossEnemyHUD.h" />
    <ClInclude Include="Game\Objects\GameScene\Enemy\Boss\State\Interface\BossEnemyIState.h" />
    <ClInclude Include="Game\Objects\GameScene\Enemy\Boss\State\BossEnemyStateController.h" />
    <ClInclude Include="Game\Objects\GameScene\Enemy\Boss\Structures\BossEnemyStructures.h" />
    <ClInclude Include="Game\Objects\GameScene\Environment\Object\FieldCrossMarkWall.h" />
    <ClInclude Include="Game\Objects\Base\GameHPBar.h" />
    <ClInclude Include="Game\Objects\Base\GameDigitDisplay.h" />
    <ClInclude Include="Engine\Core\Graphics\GPUObject\DitherStructures.h" />
    <ClInclude Include="Game\Objects\GameScene\Player\Entity\Player.h" />
    <ClInclude Include="Game\Objects\GameScene\Player\HUD\PlayerHUD.h" />
    <ClInclude Include="Game\Objects\Base\GameCommonStructures.h" />
    <ClInclude Include="Engine\Input\InputStructures.h" />
    <ClInclude Include="Game\Objects\GameScene\Player\Structures\PlayerStructures.h" />
    <ClInclude Include="Game\Objects\GameScene\Enemy\Boss\State\States\BossEnemyChargeAttackState.h" />
    <ClInclude Include="Game\Objects\GameScene\Enemy\Boss\State\States\BossEnemyFalterState.h" />
    <ClInclude Include="Game\Objects\GameScene\Enemy\Boss\State\States\BossEnemyIdleState.h" />
    <ClInclude Include="Game\Objects\GameScene\Enemy\Boss\State\States\BossEnemyLightAttackState.h" />
    <ClInclude Include="Game\Objects\GameScene\Enemy\Boss\State\States\BossEnemyRushAttackState.h" />
    <ClInclude Include="Game\Objects\GameScene\Enemy\Boss\State\States\BossEnemyStrongAttackState.h" />
    <ClInclude Include="Game\Objects\GameScene\Enemy\Boss\State\States\BossEnemyTeleportationState.h" />
    <ClInclude Include="Game\Objects\GameScene\Enemy\Boss\State\States\BossEnemyStunState.h" />
    <ClInclude Include="Game\Objects\GameScene\Player\State\Interface\PlayerIState.h" />
    <ClInclude Include="Game\Objects\GameScene\Player\State\PlayerStateController.h" />
    <ClInclude Include="Game\Objects\GameScene\Player\State\States\PlayerIdleState.h" />
    <ClInclude Include="Game\Objects\GameScene\Player\State\States\PlayerParryState.h" />
    <ClInclude Include="Game\Objects\GameScene\Player\State\States\PlayerSkilAttackState.h" />
    <ClInclude Include="Game\Objects\GameScene\Player\State\States\PlayerDashState.h" />
    <ClInclude Include="Game\Objects\GameScene\Player\State\States\PlayerAttack_1stState.h" />
    <ClInclude Include="Game\Objects\GameScene\Player\State\States\PlayerAttack_2ndState.h" />
    <ClInclude Include="Game\Objects\GameScene\Player\State\States\PlayerAttack_3rdState.h" />
    <ClInclude Include="Game\Objects\GameScene\Player\State\States\PlayerWalkState.h" />
    <ClInclude Include="Game\Objects\GameScene\Player\Input\PlayerInputAction.h" />
    <ClInclude Include="Game\Objects\GameScene\Player\Input\Device\PlayerKeyInput.h" />
    <ClInclude Include="Game\Objects\GameScene\Player\Input\Device\PlayerGamePadInput.h" />
    <ClInclude Include="Game\Objects\GameScene\Player\State\Interface\PlayerBaseAttackState.h" />
    <ClInclude Include="Game\Objects\GameScene\Player\Entity\PlayerWeapon.h" />
    <ClInclude Include="Game\Objects\GameScene\Player\Collision\PlayerAttackCollision.h" />
    <ClInclude Include="Game\Objects\Base\GameDisplayDamage.h" />
    <ClInclude Include="Game\Camera\Manager\CameraManager.h" />
    <ClInclude Include="Game\Camera\Follow\State\Interface\FollowCameraIState.h" />
    <ClInclude Include="Game\Camera\Follow\State\FollowCameraStateController.h" />
    <ClInclude Include="Game\Camera\Follow\Structures\FollowCameraStructures.h" />
    <ClInclude Include="Game\Camera\Follow\State\States\FollowCameraFollowState.h" />
    <ClInclude Include="Game\Camera\Follow\State\States\FollowCameraSwitchAllyState.h" />
    <ClInclude Include="Game\Camera\Follow\State\States\FollowCameraStunAttackState.h" />
    <ClInclude Include="Game\Camera\Follow\Input\FollowCameraInputAction.h" />
    <ClInclude Include="Game\Camera\Follow\Input\Device\FollowCameraKeyInput.h" />
    <ClInclude Include="Game\Camera\Follow\Input\Device\FollowCameraGamePadInput.h" />
    <ClInclude Include="Game\Camera\Follow\State\States\FollowCameraShakeState.h" />
    <ClInclude Include="Game\Objects\GameScene\Player\State\States\PlayerSwitchAllyState.h" />
    <ClInclude Include="Game\Objects\GameScene\Player\State\States\PlayerStunAttackState.h" />
    <ClInclude Include="Game\Objects\GameScene\Player\HUD\PlayerStunHUD.h" />
    <ClInclude Include="Game\Objects\Base\GameTimerDisplay.h" />
    <ClInclude Include="Game\Camera\Follow\State\States\FollowCameraAllyAttackState.h" />
    <ClInclude Include="Game\Objects\GameScene\Enemy\Boss\Collision\BossEnemyBladeCollision.h" />
    <ClInclude Include="Game\Objects\GameScene\Player\State\States\PlayerAvoidSatate.h" />
    <ClInclude Include="Game\Objects\GameScene\Enemy\Boss\Collision\BossEnemyAttackCollision.h" />
    <ClInclude Include="Engine\Core\Graphics\GPUObject\DxStructuredBuffer.h" />
    <ClInclude Include="Engine\Core\Graphics\GPUObject\VertexBuffer.h" />
    <ClInclude Include="Engine\Core\Graphics\GPUObject\IndexBuffer.h" />
    <ClInclude Include="Engine\Effect\Particle\Core\ParticleManager.h" />
    <ClInclude Include="Engine\Effect\Particle\Core\ParticleRenderer.h" />
    <ClInclude Include="Engine\Effect\Particle\Structures\ParticlePrimitiveStructures.h" />
    <ClInclude Include="Engine\Effect\Particle\Core\GPUParticleUpdater.h" />
    <ClInclude Include="Engine\Effect\Particle\Structures\ParticleEmitterStructures.h" />
    <ClInclude Include="Engine\Effect\Trail\Editor\TrailEffectEditor.h" />
    <ClInclude Include="Engine\Effect\Trail\Structures\TrailEffectStructures.h" />
    <ClInclude Include="Engine\Effect\Trail\Core\TrailEffectRenderer.h" />
    <ClInclude Include="Engine\Effect\Trail\Core\GPUTrailEffectUpdater.h" />
    <ClInclude Include="Engine\Effect\Game\GameEffect.h" />
    <ClInclude Include="Engine\Effect\Particle\ParticleConfig.h" />
    <ClInclude Include="Engine\Utility\Enum\EnumAdapter.h" />
    <ClInclude Include="Engine\Effect\Particle\Structures\ParticleStructures.h" />
    <ClInclude Include="Engine\Effect\Particle\System\ParticleSystem.h" />
    <ClInclude Include="Engine\Effect\Particle\Structures\ParticleValue.h" />
    <ClInclude Include="Engine\Effect\Particle\Data\GPUParticleGroup.h" />
    <ClInclude Include="Engine\Effect\Particle\Data\CPUParticleGroup.h" />
    <ClInclude Include="Engine\Effect\Particle\Data\Base\BaseParticleGroup.h" />
    <ClInclude Include="Engine\Effect\Particle\Module\Base\ICPUParticleModule.h" />
    <ClInclude Include="Engine\Effect\Particle\Module\Base\ICPUParticleSpawnModule.h" />
    <ClInclude Include="Engine\Effect\Particle\Module\Base\ICPUParticleUpdateModule.h" />
    <ClInclude Include="Engine\Effect\Particle\Phase\ParticlePhase.h" />
    <ClInclude Include="Engine\Core\Debug\SpdLogger.h" />
    <ClInclude Include="Game\Scene\EffectScene.h" />
    <ClInclude Include="Engine\Effect\Particle\Module\Spawner\ParticleSpawnSphereModule.h" />
    <ClInclude Include="Engine\Effect\Particle\Module\Spawner\ParticleSpawnHemisphereModule.h" />
    <ClInclude Include="Engine\Effect\Particle\Module\Spawner\ParticleSpawnBoxModule.h" />
    <ClInclude Include="Engine\Effect\Particle\Module\Spawner\ParticleSpawnConeModule.h" />
    <ClInclude Include="Engine\Effect\Particle\Module\ParticleModuleRegistry.h" />
    <ClInclude Include="Engine\Effect\Particle\Module\Updater\ParticleUpdateVelocityModule.h" />
    <ClInclude Include="Engine\Effect\Particle\Module\Updater\ParticleUpdateColorModule.h" />
    <ClInclude Include="Engine\Effect\Particle\Module\Updater\ParticleUpdateRotationModule.h" />
    <ClInclude Include="Engine\Effect\Particle\Module\Updater\ParticleUpdateScaleModule.h" />
    <ClInclude Include="Engine\Effect\Particle\Module\Updater\ParticleUpdateUVModule.h" />
    <ClInclude Include="Engine\Effect\Particle\Module\Updater\ParticleUpdateGravityModule.h" />
    <ClInclude Include="Engine\Effect\Particle\Module\Updater\ParticleUpdateEmissiveModule.h" />
    <ClInclude Include="Engine\Effect\Particle\Module\Updater\ParticleUpdateAlphaReferenceModule.h" />
    <ClInclude Include="Engine\Effect\Particle\Module\Updater\ParticleUpdatePrimitiveModule.h" />
    <ClInclude Include="Engine\Effect\Particle\Structures\ParticleLoop.h" />
    <ClInclude Include="Engine\Effect\Particle\Module\Base\ParticleLoopableModule.h" />
    <ClInclude Include="Engine\Effect\Particle\Module\Spawner\ParticleSpawnPolygonVertexModule.h" />
    <ClInclude Include="Engine\Effect\Particle\Command\ParticleCommand.h" />
    <ClInclude Include="Engine\Effect\Particle\Module\ParticleModuleID.h" />
    <ClInclude Include="Engine\Utility\Helper\ImGuiHelper.h" />
    <ClInclude Include="Engine\Asset\AssetEditorPayloadData.h" />
    <ClInclude Include="Engine\Core\Graphics\DxObject\DxUploadCommand.h" />
    <ClInclude Include="Engine\Asset\Async\AssetAsyncQueue.h" />
    <ClInclude Include="Engine\Asset\Async\AssetLoadWorker.h" />
    <ClInclude Include="Game\Objects\TitleScene\DisplaySprite\TitleDisplaySprite.h" />
    <ClInclude Include="Game\Objects\TitleScene\PostEffect\TitlePostEffect.h" />
    <ClInclude Include="Game\Objects\TitleScene\TitleController.h" />
    <ClInclude Include="Engine\Input\Base\IInputDevice.h" />
    <ClInclude Include="Engine\Input\Base\InputMapper.h" />
    <ClInclude Include="Game\Objects\TitleScene\DisplaySprite\GameFinishUI.h" />
    <ClInclude Include="Engine\Asset\AssetLoadType.h" />
    <ClInclude Include="Game\Objects\Base\GameButton.h" />
    <ClInclude Include="Game\Objects\Base\IGameButtonResponseUpdater.h" />
    <ClInclude Include="Game\Objects\Common\GameButtonBlinkingUpdater.h" />
    <ClInclude Include="Engine\Utility\Animation\AnimationLoop.h" />
    <ClInclude Include="Game\Objects\Base\GamecButtonFocusNavigator.h" />
    <ClInclude Include="Engine\Utility\Timer\StateTimer.h" />
    <ClInclude Include="Game\Scene\GameState\Interface\IGameSceneState.h" />
    <ClInclude Include="Game\Scene\GameState\GameContext.h" />
    <ClInclude Include="Game\Scene\GameState\States\StartGameState.h" />
    <ClInclude Include="Game\Scene\GameState\States\BeginGameState.h" />
    <ClInclude Include="Game\Scene\GameState\States\PlayGameState.h" />
    <ClInclude Include="Game\Scene\GameState\States\EndGameState.h" />
    <ClInclude Include="Game\Scene\GameState\States\PauseState.h" />
    <ClInclude Include="Game\Objects\GameScene\Environment\Collision\FieldWallCollision.h" />
    <ClInclude Include="Game\Objects\GameScene\Environment\Collision\FieldBoundary.h" />
    <ClInclude Include="Game\Scene\GameState\GameSceneState.h" />
    <ClInclude Include="Game\Camera\BeginGame\BeginGameCamera.h" />
    <ClInclude Include="Game\Objects\GameScene\SpriteEffect\FadeSprite.h" />
    <ClInclude Include="Game\Camera\EndGame\EndGameCamera.h" />
    <ClInclude Include="Game\Objects\GameScene\Enemy\Boss\HUD\BossEnemyAttackSign.h" />
    <ClInclude Include="Game\Objects\GameScene\Enemy\Boss\State\States\BossEnemyContinuousAttackState.h" />
    <ClInclude Include="Engine\Effect\Game\Helper\GameEffectCommandHelper.h" />
    <ClInclude Include="Game\Objects\GameScene\Enemy\Boss\Effect\BossEnemyAnimationEffect.h" />
    <ClInclude Include="Engine\Effect\Particle\Module\Spawner\ParticleSpawnModuleUpdater.h" />
    <ClInclude Include="Game\Objects\GameScene\Enemy\Boss\Effect\BossEnemyBladeEffect.h" />
    <ClInclude Include="Game\Objects\GameScene\Player\Effect\PlayerAnimationEffect.h" />
    <ClInclude Include="Game\Objects\GameScene\Player\State\States\PlayerAttack_4thState.h" />
    <ClInclude Include="Game\Camera\ResultCamera\ClearResultCamera.h" />
    <ClInclude Include="Game\Scene\GameState\States\ResultGameState.h" />
    <ClInclude Include="Game\Objects\GameScene\Result\GameResultDisplay.h" />
    <ClInclude Include="Engine\Core\Graphics\PostProcess\PostProcessConfig.h" />
    <ClInclude Include="Engine\Core\Graphics\GPUObject\GPUPixelPicker.h" />
    <ClInclude Include="Engine\Core\Graphics\GPUObject\DxReadbackBuffer.h" />
    <ClInclude Include="Engine\Editor\Camera\3D\Camera3DEditor.h" />
    <ClInclude Include="Engine\Utility\Enum\Direction.h" />
    <ClInclude Include="Engine\Utility\Animation\LerpKeyframe.h" />
    <ClInclude Include="Engine\Editor\Camera\3D\CameraPathData.h" />
    <ClInclude Include="Engine\Editor\Camera\3D\CameraPathController.h" />
    <ClInclude Include="Engine\Editor\Camera\3D\CameraPathGizmoSynch.h" />
    <ClInclude Include="Engine\Editor\Camera\3D\CameraPathRenderer.h" />
    <ClInclude Include="Engine\Editor\Camera\3D\Camera3DEditorPanel.h" />
    <ClInclude Include="Engine\Object\Data\MeshRender.h" />
    <ClInclude Include="Engine\Object\Data\MeshRenderStructure.h" />
    <ClInclude Include="Engine\Object\Data\SkinnedAnimation.h" />
    <ClInclude Include="Engine\Editor\ActionProgress\ActionProgressMonitor.h" />
    <ClInclude Include="Engine\Utility\Object\ObjectMode.h" />
    <ClInclude Include="Engine\Utility\Enum\ObjectUpdateMode.h" />
  </ItemGroup>
  <ItemGroup>
    <FxCompile Include="Assets\Engine\Shaders\PostProcess\Copy\CopyTexture.CS.hlsl" />
    <FxCompile Include="Assets\Engine\Shaders\Skybox\Skybox.VS.hlsl" />
    <FxCompile Include="Assets\Engine\Shaders\Skybox\Skybox.PS.hlsl" />
    <FxCompile Include="Assets\Engine\Shaders\PostProcess\Bloom\Bloom.CS.hlsl" />
    <FxCompile Include="Assets\Engine\Shaders\DXR\ShadowRay.hlsl" />
    <FxCompile Include="Assets\Engine\Shaders\Standard\CS\Skinning.CS.hlsl" />
    <FxCompile Include="Assets\Engine\Shaders\Raytracing\ShadowRay_AnyHit.hlsl" />
    <FxCompile Include="Assets\Engine\Shaders\Raytracing\ShadowRay_ClosestHit.hlsl" />
    <FxCompile Include="Assets\Engine\Shaders\Raytracing\ShadowRay_Miss.hlsl" />
    <FxCompile Include="Assets\Engine\Shaders\Raytracing\ShadowRay_RayGeneration.hlsl" />
    <FxCompile Include="Assets\Engine\Shaders\Raytracing\ShadowRayQuery.hlsl" />
    <FxCompile Include="Assets\Engine\Shaders\Standard\PS\MeshStandard.PS.hlsl" />
    <FxCompile Include="Assets\Engine\Shaders\PostProcess\Lut\Lut.CS.hlsl" />
    <FxCompile Include="Assets\Engine\Shaders\Particle\GPUParticle\PS\GPUParticle.PS.hlsl" />
    <FxCompile Include="Assets\Engine\Shaders\Particle\GPUParticle\CS\Init\InitParticle.CS.hlsl" />
    <FxCompile Include="Assets\Engine\Shaders\VS_PS\Particle\VertexEffect.VS.hlsl" />
    <FxCompile Include="Assets\Engine\Shaders\Particle\Common\Primitive\PlaneParticle.MS.hlsl" />
    <FxCompile Include="Assets\Engine\Shaders\Particle\GPUParticle\CS\Emit\EmitSphereParticle.CS.hlsl" />
    <FxCompile Include="Assets\Engine\Shaders\Particle\GPUParticle\CS\Emit\EmitHemisphereParticle.CS.hlsl" />
    <FxCompile Include="Assets\Engine\Shaders\Particle\GPUParticle\CS\Emit\EmitBoxParticle.CS.hlsl" />
    <FxCompile Include="Assets\Engine\Shaders\Particle\GPUParticle\CS\Emit\EmitConeParticle.CS.hlsl" />
    <FxCompile Include="Assets\Engine\Shaders\Particle\GPUParticle\CS\Emit\EmitMeshParticle.CS.hlsl" />
    <FxCompile Include="Assets\Engine\Shaders\Particle\CPUParticle\PS\CPUParticle.PS.hlsl" />
    <FxCompile Include="Assets\Engine\Shaders\PostProcess\Glitch\Glitch.CS.hlsl" />
    <FxCompile Include="Assets\Engine\Shaders\Particle\GPUParticle\CS\Update\NoiseUpdateParticle.CS.hlsl" />
    <FxCompile Include="Assets\Engine\Shaders\PostProcess\CRTDisplay\CRTDisplay.CS.hlsl" />
    <FxCompile Include="Assets\Engine\Shaders\Mesh\CS\PickMeshInstance.CS.hlsl" />
  </ItemGroup>
  <ItemGroup>
    <None Include="Assets\Engine\Shaders\Standard\StandardMSFunction.hlsli" />
    <None Include="Assets\Engine\Shaders\Skybox\Skybox.hlsli" />
    <None Include="Assets\Engine\Shaders\Raytracing\ShadowRay.hlsli" />
    <None Include="Assets\Engine\Shaders\Standard\Dither.hlsli" />
    <None Include="Assets\Engine\Shaders\Math\Math.hlsli" />
    <None Include="Assets\Engine\Shaders\Particle\Common\ParticleCommonSturctures.hlsli" />
    <None Include="Assets\Engine\Shaders\Particle\GPUParticle\ParticleEmitterStructures.hlsli" />
    <None Include="Assets\Engine\Shaders\Particle\Common\ParticleOutput.hlsli" />
  </ItemGroup>
</Project>